
Microsoft Visual Studio Solution File, Format Version 12.00
# Visual Studio Version 17
VisualStudioVersion = 17.14.36414.22
MinimumVisualStudioVersion = 10.0.40219.1
Project("{FAE04EC0-301F-11D3-BF4B-00C04F79EFBC}") = "CoreTests", "CoreTests\CoreTests.csproj", "{A098E4A9-8B0E-4612-A75E-0AE2061E70FF}"
EndProject
Project("{FAE04EC0-301F-11D3-BF4B-00C04F79EFBC}") = "CorlibTests", "CorlibTests\CorlibTests.csproj", "{B3C8B19B-F8AE-400E-946C-DE7AF2216FC0}"
EndProject
Project("{FAE04EC0-301F-11D3-BF4B-00C04F79EFBC}") = "RunTests", "RunTests\RunTests.csproj", "{33253D9C-D0FD-4450-9C10-F885DF016AEA}"
EndProject
Global
	GlobalSection(SolutionConfigurationPlatforms) = preSolution
		Debug|Any CPU = Debug|Any CPU
		Release|Any CPU = Release|Any CPU
	EndGlobalSection
	GlobalSection(ProjectConfigurationPlatforms) = postSolution
		{A098E4A9-8B0E-4612-A75E-0AE2061E70FF}.Debug|Any CPU.ActiveCfg = Debug|Any CPU
		{A098E4A9-8B0E-4612-A75E-0AE2061E70FF}.Debug|Any CPU.Build.0 = Debug|Any CPU
		{A098E4A9-8B0E-4612-A75E-0AE2061E70FF}.Release|Any CPU.ActiveCfg = Release|Any CPU
		{A098E4A9-8B0E-4612-A75E-0AE2061E70FF}.Release|Any CPU.Build.0 = Release|Any CPU
		{B3C8B19B-F8AE-400E-946C-DE7AF2216FC0}.Debug|Any CPU.ActiveCfg = Debug|Any CPU
		{B3C8B19B-F8AE-400E-946C-DE7AF2216FC0}.Debug|Any CPU.Build.0 = Debug|Any CPU
		{B3C8B19B-F8AE-400E-946C-DE7AF2216FC0}.Release|Any CPU.ActiveCfg = Debug|Any CPU
		{B3C8B19B-F8AE-400E-946C-DE7AF2216FC0}.Release|Any CPU.Build.0 = Debug|Any CPU
		{33253D9C-D0FD-4450-9C10-F885DF016AEA}.Debug|Any CPU.ActiveCfg = Debug|Any CPU
		{33253D9C-D0FD-4450-9C10-F885DF016AEA}.Debug|Any CPU.Build.0 = Debug|Any CPU
		{33253D9C-D0FD-4450-9C10-F885DF016AEA}.Release|Any CPU.ActiveCfg = Release|Any CPU
		{33253D9C-D0FD-4450-9C10-F885DF016AEA}.Release|Any CPU.Build.0 = Release|Any CPU
	EndGlobalSection
	GlobalSection(SolutionProperties) = preSolution
		HideSolutionNode = FALSE
	EndGlobalSection
	GlobalSection(ExtensibilityGlobals) = postSolution
		SolutionGuid = {E88591C5-A226-48FF-802F-8B6328F2A27E}
	EndGlobalSection
EndGlobal
